
Microsoft Visual Studio Solution File, Format Version 12.00
# Visual Studio 15
VisualStudioVersion = 15.0.28010.2041
MinimumVisualStudioVersion = 10.0.40219.1
Project("{FAE04EC0-301F-11D3-BF4B-00C04F79EFBC}") = "Desing a Stack", "Desing a Stack\Desing a Stack.csproj", "{9454D785-E7EA-4894-89F9-EDEF755D61A4}"
EndProject
Global
	GlobalSection(SolutionConfigurationPlatforms) = preSolution
		Debug|Any CPU = Debug|Any CPU
		Release|Any CPU = Release|Any CPU
	EndGlobalSection
	GlobalSection(ProjectConfigurationPlatforms) = postSolution
		{9454D785-E7EA-4894-89F9-EDEF755D61A4}.Debug|Any CPU.ActiveCfg = Debug|Any CPU
		{9454D785-E7EA-4894-89F9-EDEF755D61A4}.Debug|Any CPU.Build.0 = Debug|Any CPU
		{9454D785-E7EA-4894-89F9-EDEF755D61A4}.Release|Any CPU.ActiveCfg = Release|Any CPU
		{9454D785-E7EA-4894-89F9-EDEF755D61A4}.Release|Any CPU.Build.0 = Release|Any CPU
	EndGlobalSection
	GlobalSection(SolutionProperties) = preSolution
		HideSolutionNode = FALSE
	EndGlobalSection
	GlobalSection(ExtensibilityGlobals) = postSolution
		SolutionGuid = {F7801ADC-B919-4214-8FCD-EE49AF6EF1D7}
	EndGlobalSection
EndGlobal
